
Microsoft Visual Studio Solution File, Format Version 12.00
# Visual Studio Version 17
VisualStudioVersion = 17.10.35122.118
MinimumVisualStudioVersion = 10.0.40219.1
Project("{9A19103F-16F7-4668-BE54-9A1E7A4F7556}") = "UrlShortner.API", "UrlShortner.API\UrlShortner.API.csproj", "{DB220E6B-B83A-4CAE-8DD3-98FC43E1FC78}"
EndProject
Global
	GlobalSection(SolutionConfigurationPlatforms) = preSolution
		Debug|Any CPU = Debug|Any CPU
		Release|Any CPU = Release|Any CPU
	EndGlobalSection
	GlobalSection(ProjectConfigurationPlatforms) = postSolution
		{DB220E6B-B83A-4CAE-8DD3-98FC43E1FC78}.Debug|Any CPU.ActiveCfg = Debug|Any CPU
		{DB220E6B-B83A-4CAE-8DD3-98FC43E1FC78}.Debug|Any CPU.Build.0 = Debug|Any CPU
		{DB220E6B-B83A-4CAE-8DD3-98FC43E1FC78}.Release|Any CPU.ActiveCfg = Release|Any CPU
		{DB220E6B-B83A-4CAE-8DD3-98FC43E1FC78}.Release|Any CPU.Build.0 = Release|Any CPU
	EndGlobalSection
	GlobalSection(SolutionProperties) = preSolution
		HideSolutionNode = FALSE
	EndGlobalSection
	GlobalSection(ExtensibilityGlobals) = postSolution
		SolutionGuid = {01B7C46C-16A1-4636-A489-A186136A0EA0}
	EndGlobalSection
EndGlobal
